// !$*UTF8*$!
{
	archiveVersion = 1;
	classes = {
	};
	objectVersion = 55;
	objects = {

/* Begin PBXBuildFile section */
		2C40E6B628CDE1DF00643933 /* SearchResponse.swift in Sources */ = {isa = PBXBuildFile; fileRef = 2C40E6B528CDE1DF00643933 /* SearchResponse.swift */; };
		2C40E6B828CE3E4C00643933 /* NetworkService.swift in Sources */ = {isa = PBXBuildFile; fileRef = 2C40E6B728CE3E4C00643933 /* NetworkService.swift */; };
		2C571D19293558BA0064CE2B /* TrackCell.xib in Resources */ = {isa = PBXBuildFile; fileRef = 2C571D18293558BA0064CE2B /* TrackCell.xib */; };
		2C571D1B293558F00064CE2B /* TrackCell.swift in Sources */ = {isa = PBXBuildFile; fileRef = 2C571D1A293558F00064CE2B /* TrackCell.swift */; };
		2C811C9028D0F17F0042E23F /* SearchPresenter.swift in Sources */ = {isa = PBXBuildFile; fileRef = 2C811C8928D0F17F0042E23F /* SearchPresenter.swift */; };
		2C811C9128D0F17F0042E23F /* SearchWorker.swift in Sources */ = {isa = PBXBuildFile; fileRef = 2C811C8A28D0F17F0042E23F /* SearchWorker.swift */; };
		2C811C9228D0F17F0042E23F /* SearchRouter.swift in Sources */ = {isa = PBXBuildFile; fileRef = 2C811C8B28D0F17F0042E23F /* SearchRouter.swift */; };
		2C811C9328D0F17F0042E23F /* SearchModels.swift in Sources */ = {isa = PBXBuildFile; fileRef = 2C811C8C28D0F17F0042E23F /* SearchModels.swift */; };
		2C811C9428D0F17F0042E23F /* SearchViewController.swift in Sources */ = {isa = PBXBuildFile; fileRef = 2C811C8D28D0F17F0042E23F /* SearchViewController.swift */; };
		2C811C9528D0F17F0042E23F /* SearchInteractor.swift in Sources */ = {isa = PBXBuildFile; fileRef = 2C811C8E28D0F17F0042E23F /* SearchInteractor.swift */; };
		2C811C9828D0F64F0042E23F /* SearchViewController.storyboard in Resources */ = {isa = PBXBuildFile; fileRef = 2C811C9728D0F64F0042E23F /* SearchViewController.storyboard */; };
		2C811C9A28D0FACB0042E23F /* UIViewController + StoryBoard.swift in Sources */ = {isa = PBXBuildFile; fileRef = 2C811C9928D0FACB0042E23F /* UIViewController + StoryBoard.swift */; };
		2C998AE029394AAA0011B385 /* FooterView.swift in Sources */ = {isa = PBXBuildFile; fileRef = 2C998ADF29394AAA0011B385 /* FooterView.swift */; };
		2CF77EED28CC4C41005023F2 /* AppDelegate.swift in Sources */ = {isa = PBXBuildFile; fileRef = 2CF77EEC28CC4C41005023F2 /* AppDelegate.swift */; };
		2CF77EEF28CC4C41005023F2 /* SceneDelegate.swift in Sources */ = {isa = PBXBuildFile; fileRef = 2CF77EEE28CC4C41005023F2 /* SceneDelegate.swift */; };
		2CF77EF128CC4C41005023F2 /* LibraryViewController.swift in Sources */ = {isa = PBXBuildFile; fileRef = 2CF77EF028CC4C41005023F2 /* LibraryViewController.swift */; };
		2CF77EF428CC4C41005023F2 /* Main.storyboard in Resources */ = {isa = PBXBuildFile; fileRef = 2CF77EF228CC4C41005023F2 /* Main.storyboard */; };
		2CF77EF628CC4C44005023F2 /* Assets.xcassets in Resources */ = {isa = PBXBuildFile; fileRef = 2CF77EF528CC4C44005023F2 /* Assets.xcassets */; };
		2CF77EF928CC4C44005023F2 /* LaunchScreen.storyboard in Resources */ = {isa = PBXBuildFile; fileRef = 2CF77EF728CC4C44005023F2 /* LaunchScreen.storyboard */; };
		2CF77F0128CC4D8E005023F2 /* MainTabBarController.swift in Sources */ = {isa = PBXBuildFile; fileRef = 2CF77F0028CC4D8E005023F2 /* MainTabBarController.swift */; };
		2CF77F0328CC4F69005023F2 /* SearchMusicViewController.swift in Sources */ = {isa = PBXBuildFile; fileRef = 2CF77F0228CC4F69005023F2 /* SearchMusicViewController.swift */; };
		35FF7355928514685F0E4E64 /* Pods_iMusic.framework in Frameworks */ = {isa = PBXBuildFile; fileRef = 5553105A55E464551FC947F4 /* Pods_iMusic.framework */; };
/* End PBXBuildFile section */

/* Begin PBXFileReference section */
		1C01B2D085FF201CF1B0DD2B /* Pods-iMusic.release.xcconfig */ = {isa = PBXFileReference; includeInIndex = 1; lastKnownFileType = text.xcconfig; name = "Pods-iMusic.release.xcconfig"; path = "Target Support Files/Pods-iMusic/Pods-iMusic.release.xcconfig"; sourceTree = "<group>"; };
		2C40E6B528CDE1DF00643933 /* SearchResponse.swift */ = {isa = PBXFileReference; lastKnownFileType = sourcecode.swift; path = SearchResponse.swift; sourceTree = "<group>"; };
		2C40E6B728CE3E4C00643933 /* NetworkService.swift */ = {isa = PBXFileReference; lastKnownFileType = sourcecode.swift; path = NetworkService.swift; sourceTree = "<group>"; };
		2C571D18293558BA0064CE2B /* TrackCell.xib */ = {isa = PBXFileReference; lastKnownFileType = file.xib; path = TrackCell.xib; sourceTree = "<group>"; };
		2C571D1A293558F00064CE2B /* TrackCell.swift */ = {isa = PBXFileReference; lastKnownFileType = sourcecode.swift; path = TrackCell.swift; sourceTree = "<group>"; };
		2C811C8928D0F17F0042E23F /* SearchPresenter.swift */ = {isa = PBXFileReference; lastKnownFileType = sourcecode.swift; path = SearchPresenter.swift; sourceTree = "<group>"; };
		2C811C8A28D0F17F0042E23F /* SearchWorker.swift */ = {isa = PBXFileReference; lastKnownFileType = sourcecode.swift; path = SearchWorker.swift; sourceTree = "<group>"; };
		2C811C8B28D0F17F0042E23F /* SearchRouter.swift */ = {isa = PBXFileReference; lastKnownFileType = sourcecode.swift; path = SearchRouter.swift; sourceTree = "<group>"; };
		2C811C8C28D0F17F0042E23F /* SearchModels.swift */ = {isa = PBXFileReference; lastKnownFileType = sourcecode.swift; path = SearchModels.swift; sourceTree = "<group>"; };
		2C811C8D28D0F17F0042E23F /* SearchViewController.swift */ = {isa = PBXFileReference; lastKnownFileType = sourcecode.swift; path = SearchViewController.swift; sourceTree = "<group>"; };
		2C811C8E28D0F17F0042E23F /* SearchInteractor.swift */ = {isa = PBXFileReference; lastKnownFileType = sourcecode.swift; path = SearchInteractor.swift; sourceTree = "<group>"; };
		2C811C9728D0F64F0042E23F /* SearchViewController.storyboard */ = {isa = PBXFileReference; lastKnownFileType = file.storyboard; path = SearchViewController.storyboard; sourceTree = "<group>"; };
		2C811C9928D0FACB0042E23F /* UIViewController + StoryBoard.swift */ = {isa = PBXFileReference; lastKnownFileType = sourcecode.swift; path = "UIViewController + StoryBoard.swift"; sourceTree = "<group>"; };
		2C998ADF29394AAA0011B385 /* FooterView.swift */ = {isa = PBXFileReference; lastKnownFileType = sourcecode.swift; path = FooterView.swift; sourceTree = "<group>"; };
		2CF77EE928CC4C41005023F2 /* iMusic.app */ = {isa = PBXFileReference; explicitFileType = wrapper.application; includeInIndex = 0; path = iMusic.app; sourceTree = BUILT_PRODUCTS_DIR; };
		2CF77EEC28CC4C41005023F2 /* AppDelegate.swift */ = {isa = PBXFileReference; lastKnownFileType = sourcecode.swift; path = AppDelegate.swift; sourceTree = "<group>"; };
		2CF77EEE28CC4C41005023F2 /* SceneDelegate.swift */ = {isa = PBXFileReference; lastKnownFileType = sourcecode.swift; path = SceneDelegate.swift; sourceTree = "<group>"; };
		2CF77EF028CC4C41005023F2 /* LibraryViewController.swift */ = {isa = PBXFileReference; lastKnownFileType = sourcecode.swift; path = LibraryViewController.swift; sourceTree = "<group>"; };
		2CF77EF328CC4C41005023F2 /* Base */ = {isa = PBXFileReference; lastKnownFileType = file.storyboard; name = Base; path = Base.lproj/Main.storyboard; sourceTree = "<group>"; };
		2CF77EF528CC4C44005023F2 /* Assets.xcassets */ = {isa = PBXFileReference; lastKnownFileType = folder.assetcatalog; path = Assets.xcassets; sourceTree = "<group>"; };
		2CF77EF828CC4C44005023F2 /* Base */ = {isa = PBXFileReference; lastKnownFileType = file.storyboard; name = Base; path = Base.lproj/LaunchScreen.storyboard; sourceTree = "<group>"; };
		2CF77EFA28CC4C44005023F2 /* Info.plist */ = {isa = PBXFileReference; lastKnownFileType = text.plist.xml; path = Info.plist; sourceTree = "<group>"; };
		2CF77F0028CC4D8E005023F2 /* MainTabBarController.swift */ = {isa = PBXFileReference; lastKnownFileType = sourcecode.swift; path = MainTabBarController.swift; sourceTree = "<group>"; };
		2CF77F0228CC4F69005023F2 /* SearchMusicViewController.swift */ = {isa = PBXFileReference; lastKnownFileType = sourcecode.swift; path = SearchMusicViewController.swift; sourceTree = "<group>"; };
		5553105A55E464551FC947F4 /* Pods_iMusic.framework */ = {isa = PBXFileReference; explicitFileType = wrapper.framework; includeInIndex = 0; path = Pods_iMusic.framework; sourceTree = BUILT_PRODUCTS_DIR; };
		C356B5508B2E6AD02BDB2731 /* Pods-iMusic.debug.xcconfig */ = {isa = PBXFileReference; includeInIndex = 1; lastKnownFileType = text.xcconfig; name = "Pods-iMusic.debug.xcconfig"; path = "Target Support Files/Pods-iMusic/Pods-iMusic.debug.xcconfig"; sourceTree = "<group>"; };
/* End PBXFileReference section */

/* Begin PBXFrameworksBuildPhase section */
		2CF77EE628CC4C41005023F2 /* Frameworks */ = {
			isa = PBXFrameworksBuildPhase;
			buildActionMask = 2147483647;
			files = (
				35FF7355928514685F0E4E64 /* Pods_iMusic.framework in Frameworks */,
			);
			runOnlyForDeploymentPostprocessing = 0;
		};
/* End PBXFrameworksBuildPhase section */

/* Begin PBXGroup section */
		03CC052C79843BB6F6193644 /* Pods */ = {
			isa = PBXGroup;
			children = (
				C356B5508B2E6AD02BDB2731 /* Pods-iMusic.debug.xcconfig */,
				1C01B2D085FF201CF1B0DD2B /* Pods-iMusic.release.xcconfig */,
			);
			path = Pods;
			sourceTree = "<group>";
		};
		0FD217FC2207CA45B4DCF047 /* Frameworks */ = {
			isa = PBXGroup;
			children = (
				5553105A55E464551FC947F4 /* Pods_iMusic.framework */,
			);
			name = Frameworks;
			sourceTree = "<group>";
		};
		2C1E5071293564D900E3C43B /* Models */ = {
			isa = PBXGroup;
			children = (
				2C40E6B528CDE1DF00643933 /* SearchResponse.swift */,
			);
			path = Models;
			sourceTree = "<group>";
		};
		2C571D172935588F0064CE2B /* Cell */ = {
			isa = PBXGroup;
			children = (
				2C571D18293558BA0064CE2B /* TrackCell.xib */,
				2C571D1A293558F00064CE2B /* TrackCell.swift */,
			);
			path = Cell;
			sourceTree = "<group>";
		};
		2C811C7928D0F03C0042E23F /* Search */ = {
			isa = PBXGroup;
			children = (
				2C998ADE29394A930011B385 /* FooterView */,
				2C571D172935588F0064CE2B /* Cell */,
				2C811C9728D0F64F0042E23F /* SearchViewController.storyboard */,
				2C811C8D28D0F17F0042E23F /* SearchViewController.swift */,
				2C811C8E28D0F17F0042E23F /* SearchInteractor.swift */,
				2C811C8928D0F17F0042E23F /* SearchPresenter.swift */,
				2C811C8C28D0F17F0042E23F /* SearchModels.swift */,
				2C811C8A28D0F17F0042E23F /* SearchWorker.swift */,
				2C811C8B28D0F17F0042E23F /* SearchRouter.swift */,
			);
			path = Search;
			sourceTree = "<group>";
		};
		2C811C8828D0F0FF0042E23F /* Services */ = {
			isa = PBXGroup;
			children = (
				2C1E5071293564D900E3C43B /* Models */,
				2C40E6B728CE3E4C00643933 /* NetworkService.swift */,
			);
			path = Services;
			sourceTree = "<group>";
		};
		2C811C9B28D0FADA0042E23F /* Helpers */ = {
			isa = PBXGroup;
			children = (
				2C811C9928D0FACB0042E23F /* UIViewController + StoryBoard.swift */,
			);
			path = Helpers;
			sourceTree = "<group>";
		};
		2C998ADE29394A930011B385 /* FooterView */ = {
			isa = PBXGroup;
			children = (
				2C998ADF29394AAA0011B385 /* FooterView.swift */,
			);
			path = FooterView;
			sourceTree = "<group>";
		};
		2CF77EE028CC4C41005023F2 = {
			isa = PBXGroup;
			children = (
				2CF77EEB28CC4C41005023F2 /* iMusic */,
				2C811C9B28D0FADA0042E23F /* Helpers */,
				2CF77EEA28CC4C41005023F2 /* Products */,
				03CC052C79843BB6F6193644 /* Pods */,
				0FD217FC2207CA45B4DCF047 /* Frameworks */,
			);
			sourceTree = "<group>";
		};
		2CF77EEA28CC4C41005023F2 /* Products */ = {
			isa = PBXGroup;
			children = (
				2CF77EE928CC4C41005023F2 /* iMusic.app */,
			);
			name = Products;
			sourceTree = "<group>";
		};
		2CF77EEB28CC4C41005023F2 /* iMusic */ = {
			isa = PBXGroup;
			children = (
				2C811C8828D0F0FF0042E23F /* Services */,
				2CF77EEC28CC4C41005023F2 /* AppDelegate.swift */,
				2CF77EEE28CC4C41005023F2 /* SceneDelegate.swift */,
				2CF77F0028CC4D8E005023F2 /* MainTabBarController.swift */,
				2C811C7928D0F03C0042E23F /* Search */,
				2CF77F0228CC4F69005023F2 /* SearchMusicViewController.swift */,
				2CF77EF028CC4C41005023F2 /* LibraryViewController.swift */,
				2CF77EF228CC4C41005023F2 /* Main.storyboard */,
				2CF77EF528CC4C44005023F2 /* Assets.xcassets */,
				2CF77EF728CC4C44005023F2 /* LaunchScreen.storyboard */,
				2CF77EFA28CC4C44005023F2 /* Info.plist */,
			);
			path = iMusic;
			sourceTree = "<group>";
		};
/* End PBXGroup section */

/* Begin PBXNativeTarget section */
		2CF77EE828CC4C41005023F2 /* iMusic */ = {
			isa = PBXNativeTarget;
			buildConfigurationList = 2CF77EFD28CC4C44005023F2 /* Build configuration list for PBXNativeTarget "iMusic" */;
			buildPhases = (
				716695811AEB184A24EC9574 /* [CP] Check Pods Manifest.lock */,
				2CF77EE528CC4C41005023F2 /* Sources */,
				2CF77EE628CC4C41005023F2 /* Frameworks */,
				2CF77EE728CC4C41005023F2 /* Resources */,
				BCB282F02862A58F3D57EF63 /* [CP] Embed Pods Frameworks */,
			);
			buildRules = (
			);
			dependencies = (
			);
			name = iMusic;
			productName = iMusic;
			productReference = 2CF77EE928CC4C41005023F2 /* iMusic.app */;
			productType = "com.apple.product-type.application";
		};
/* End PBXNativeTarget section */

/* Begin PBXProject section */
		2CF77EE128CC4C41005023F2 /* Project object */ = {
			isa = PBXProject;
			attributes = {
				BuildIndependentTargetsInParallel = 1;
				LastSwiftUpdateCheck = 1340;
				LastUpgradeCheck = 1340;
				TargetAttributes = {
					2CF77EE828CC4C41005023F2 = {
						CreatedOnToolsVersion = 13.4.1;
					};
				};
			};
			buildConfigurationList = 2CF77EE428CC4C41005023F2 /* Build configuration list for PBXProject "iMusic" */;
			compatibilityVersion = "Xcode 13.0";
			developmentRegion = en;
			hasScannedForEncodings = 0;
			knownRegions = (
				en,
				Base,
			);
			mainGroup = 2CF77EE028CC4C41005023F2;
			productRefGroup = 2CF77EEA28CC4C41005023F2 /* Products */;
			projectDirPath = "";
			projectRoot = "";
			targets = (
				2CF77EE828CC4C41005023F2 /* iMusic */,
			);
		};
/* End PBXProject section */

/* Begin PBXResourcesBuildPhase section */
		2CF77EE728CC4C41005023F2 /* Resources */ = {
			isa = PBXResourcesBuildPhase;
			buildActionMask = 2147483647;
			files = (
				2CF77EF928CC4C44005023F2 /* LaunchScreen.storyboard in Resources */,
				2C571D19293558BA0064CE2B /* TrackCell.xib in Resources */,
				2CF77EF628CC4C44005023F2 /* Assets.xcassets in Resources */,
				2C811C9828D0F64F0042E23F /* SearchViewController.storyboard in Resources */,
				2CF77EF428CC4C41005023F2 /* Main.storyboard in Resources */,
			);
			runOnlyForDeploymentPostprocessing = 0;
		};
/* End PBXResourcesBuildPhase section */

/* Begin PBXShellScriptBuildPhase section */
		716695811AEB184A24EC9574 /* [CP] Check Pods Manifest.lock */ = {
			isa = PBXShellScriptBuildPhase;
			buildActionMask = 2147483647;
			files = (
			);
			inputFileListPaths = (
			);
			inputPaths = (
				"${PODS_PODFILE_DIR_PATH}/Podfile.lock",
				"${PODS_ROOT}/Manifest.lock",
			);
			name = "[CP] Check Pods Manifest.lock";
			outputFileListPaths = (
			);
			outputPaths = (
				"$(DERIVED_FILE_DIR)/Pods-iMusic-checkManifestLockResult.txt",
			);
			runOnlyForDeploymentPostprocessing = 0;
			shellPath = /bin/sh;
			shellScript = "diff \"${PODS_PODFILE_DIR_PATH}/Podfile.lock\" \"${PODS_ROOT}/Manifest.lock\" > /dev/null\nif [ $? != 0 ] ; then\n    # print error to STDERR\n    echo \"error: The sandbox is not in sync with the Podfile.lock. Run 'pod install' or update your CocoaPods installation.\" >&2\n    exit 1\nfi\n# This output is used by Xcode 'outputs' to avoid re-running this script phase.\necho \"SUCCESS\" > \"${SCRIPT_OUTPUT_FILE_0}\"\n";
			showEnvVarsInLog = 0;
		};
		BCB282F02862A58F3D57EF63 /* [CP] Embed Pods Frameworks */ = {
			isa = PBXShellScriptBuildPhase;
			buildActionMask = 2147483647;
			files = (
			);
			inputFileListPaths = (
				"${PODS_ROOT}/Target Support Files/Pods-iMusic/Pods-iMusic-frameworks-${CONFIGURATION}-input-files.xcfilelist",
			);
			name = "[CP] Embed Pods Frameworks";
			outputFileListPaths = (
				"${PODS_ROOT}/Target Support Files/Pods-iMusic/Pods-iMusic-frameworks-${CONFIGURATION}-output-files.xcfilelist",
			);
			runOnlyForDeploymentPostprocessing = 0;
			shellPath = /bin/sh;
			shellScript = "\"${PODS_ROOT}/Target Support Files/Pods-iMusic/Pods-iMusic-frameworks.sh\"\n";
			showEnvVarsInLog = 0;
		};
/* End PBXShellScriptBuildPhase section */

/* Begin PBXSourcesBuildPhase section */
		2CF77EE528CC4C41005023F2 /* Sources */ = {
			isa = PBXSourcesBuildPhase;
			buildActionMask = 2147483647;
			files = (
				2CF77F0328CC4F69005023F2 /* SearchMusicViewController.swift in Sources */,
				2CF77EF128CC4C41005023F2 /* LibraryViewController.swift in Sources */,
				2C40E6B628CDE1DF00643933 /* SearchResponse.swift in Sources */,
				2C811C9528D0F17F0042E23F /* SearchInteractor.swift in Sources */,
				2CF77EED28CC4C41005023F2 /* AppDelegate.swift in Sources */,
				2C998AE029394AAA0011B385 /* FooterView.swift in Sources */,
				2C571D1B293558F00064CE2B /* TrackCell.swift in Sources */,
				2CF77F0128CC4D8E005023F2 /* MainTabBarController.swift in Sources */,
				2C811C9128D0F17F0042E23F /* SearchWorker.swift in Sources */,
				2C811C9428D0F17F0042E23F /* SearchViewController.swift in Sources */,
				2C811C9228D0F17F0042E23F /* SearchRouter.swift in Sources */,
				2C811C9328D0F17F0042E23F /* SearchModels.swift in Sources */,
				2CF77EEF28CC4C41005023F2 /* SceneDelegate.swift in Sources */,
				2C811C9028D0F17F0042E23F /* SearchPresenter.swift in Sources */,
				2C40E6B828CE3E4C00643933 /* NetworkService.swift in Sources */,
				2C811C9A28D0FACB0042E23F /* UIViewController + StoryBoard.swift in Sources */,
			);
			runOnlyForDeploymentPostprocessing = 0;
		};
/* End PBXSourcesBuildPhase section */

/* Begin PBXVariantGroup section */
		2CF77EF228CC4C41005023F2 /* Main.storyboard */ = {
			isa = PBXVariantGroup;
			children = (
				2CF77EF328CC4C41005023F2 /* Base */,
			);
			name = Main.storyboard;
			sourceTree = "<group>";
		};
		2CF77EF728CC4C44005023F2 /* LaunchScreen.storyboard */ = {
			isa = PBXVariantGroup;
			children = (
				2CF77EF828CC4C44005023F2 /* Base */,
			);
			name = LaunchScreen.storyboard;
			sourceTree = "<group>";
		};
/* End PBXVariantGroup section */

/* Begin XCBuildConfiguration section */
		2CF77EFB28CC4C44005023F2 /* Debug */ = {
			isa = XCBuildConfiguration;
			buildSettings = {
				ALWAYS_SEARCH_USER_PATHS = NO;
				CLANG_ANALYZER_NONNULL = YES;
				CLANG_ANALYZER_NUMBER_OBJECT_CONVERSION = YES_AGGRESSIVE;
				CLANG_CXX_LANGUAGE_STANDARD = "gnu++17";
				CLANG_ENABLE_MODULES = YES;
				CLANG_ENABLE_OBJC_ARC = YES;
				CLANG_ENABLE_OBJC_WEAK = YES;
				CLANG_WARN_BLOCK_CAPTURE_AUTORELEASING = YES;
				CLANG_WARN_BOOL_CONVERSION = YES;
				CLANG_WARN_COMMA = YES;
				CLANG_WARN_CONSTANT_CONVERSION = YES;
				CLANG_WARN_DEPRECATED_OBJC_IMPLEMENTATIONS = YES;
				CLANG_WARN_DIRECT_OBJC_ISA_USAGE = YES_ERROR;
				CLANG_WARN_DOCUMENTATION_COMMENTS = YES;
				CLANG_WARN_EMPTY_BODY = YES;
				CLANG_WARN_ENUM_CONVERSION = YES;
				CLANG_WARN_INFINITE_RECURSION = YES;
				CLANG_WARN_INT_CONVERSION = YES;
				CLANG_WARN_NON_LITERAL_NULL_CONVERSION = YES;
				CLANG_WARN_OBJC_IMPLICIT_RETAIN_SELF = YES;
				CLANG_WARN_OBJC_LITERAL_CONVERSION = YES;
				CLANG_WARN_OBJC_ROOT_CLASS = YES_ERROR;
				CLANG_WARN_QUOTED_INCLUDE_IN_FRAMEWORK_HEADER = YES;
				CLANG_WARN_RANGE_LOOP_ANALYSIS = YES;
				CLANG_WARN_STRICT_PROTOTYPES = YES;
				CLANG_WARN_SUSPICIOUS_MOVE = YES;
				CLANG_WARN_UNGUARDED_AVAILABILITY = YES_AGGRESSIVE;
				CLANG_WARN_UNREACHABLE_CODE = YES;
				CLANG_WARN__DUPLICATE_METHOD_MATCH = YES;
				COPY_PHASE_STRIP = NO;
				DEBUG_INFORMATION_FORMAT = dwarf;
				ENABLE_STRICT_OBJC_MSGSEND = YES;
				ENABLE_TESTABILITY = YES;
				GCC_C_LANGUAGE_STANDARD = gnu11;
				GCC_DYNAMIC_NO_PIC = NO;
				GCC_NO_COMMON_BLOCKS = YES;
				GCC_OPTIMIZATION_LEVEL = 0;
				GCC_PREPROCESSOR_DEFINITIONS = (
					"DEBUG=1",
					"$(inherited)",
				);
				GCC_WARN_64_TO_32_BIT_CONVERSION = YES;
				GCC_WARN_ABOUT_RETURN_TYPE = YES_ERROR;
				GCC_WARN_UNDECLARED_SELECTOR = YES;
				GCC_WARN_UNINITIALIZED_AUTOS = YES_AGGRESSIVE;
				GCC_WARN_UNUSED_FUNCTION = YES;
				GCC_WARN_UNUSED_VARIABLE = YES;
				IPHONEOS_DEPLOYMENT_TARGET = 15.5;
				MTL_ENABLE_DEBUG_INFO = INCLUDE_SOURCE;
				MTL_FAST_MATH = YES;
				ONLY_ACTIVE_ARCH = YES;
				SDKROOT = iphoneos;
				SWIFT_ACTIVE_COMPILATION_CONDITIONS = DEBUG;
				SWIFT_OPTIMIZATION_LEVEL = "-Onone";
			};
			name = Debug;
		};
		2CF77EFC28CC4C44005023F2 /* Release */ = {
			isa = XCBuildConfiguration;
			buildSettings = {
				ALWAYS_SEARCH_USER_PATHS = NO;
				CLANG_ANALYZER_NONNULL = YES;
				CLANG_ANALYZER_NUMBER_OBJECT_CONVERSION = YES_AGGRESSIVE;
				CLANG_CXX_LANGUAGE_STANDARD = "gnu++17";
				CLANG_ENABLE_MODULES = YES;
				CLANG_ENABLE_OBJC_ARC = YES;
				CLANG_ENABLE_OBJC_WEAK = YES;
				CLANG_WARN_BLOCK_CAPTURE_AUTORELEASING = YES;
				CLANG_WARN_BOOL_CONVERSION = YES;
				CLANG_WARN_COMMA = YES;
				CLANG_WARN_CONSTANT_CONVERSION = YES;
				CLANG_WARN_DEPRECATED_OBJC_IMPLEMENTATIONS = YES;
				CLANG_WARN_DIRECT_OBJC_ISA_USAGE = YES_ERROR;
				CLANG_WARN_DOCUMENTATION_COMMENTS = YES;
				CLANG_WARN_EMPTY_BODY = YES;
				CLANG_WARN_ENUM_CONVERSION = YES;
				CLANG_WARN_INFINITE_RECURSION = YES;
				CLANG_WARN_INT_CONVERSION = YES;
				CLANG_WARN_NON_LITERAL_NULL_CONVERSION = YES;
				CLANG_WARN_OBJC_IMPLICIT_RETAIN_SELF = YES;
				CLANG_WARN_OBJC_LITERAL_CONVERSION = YES;
				CLANG_WARN_OBJC_ROOT_CLASS = YES_ERROR;
				CLANG_WARN_QUOTED_INCLUDE_IN_FRAMEWORK_HEADER = YES;
				CLANG_WARN_RANGE_LOOP_ANALYSIS = YES;
				CLANG_WARN_STRICT_PROTOTYPES = YES;
				CLANG_WARN_SUSPICIOUS_MOVE = YES;
				CLANG_WARN_UNGUARDED_AVAILABILITY = YES_AGGRESSIVE;
				CLANG_WARN_UNREACHABLE_CODE = YES;
				CLANG_WARN__DUPLICATE_METHOD_MATCH = YES;
				COPY_PHASE_STRIP = NO;
				DEBUG_INFORMATION_FORMAT = "dwarf-with-dsym";
				ENABLE_NS_ASSERTIONS = NO;
				ENABLE_STRICT_OBJC_MSGSEND = YES;
				GCC_C_LANGUAGE_STANDARD = gnu11;
				GCC_NO_COMMON_BLOCKS = YES;
				GCC_WARN_64_TO_32_BIT_CONVERSION = YES;
				GCC_WARN_ABOUT_RETURN_TYPE = YES_ERROR;
				GCC_WARN_UNDECLARED_SELECTOR = YES;
				GCC_WARN_UNINITIALIZED_AUTOS = YES_AGGRESSIVE;
				GCC_WARN_UNUSED_FUNCTION = YES;
				GCC_WARN_UNUSED_VARIABLE = YES;
				IPHONEOS_DEPLOYMENT_TARGET = 15.5;
				MTL_ENABLE_DEBUG_INFO = NO;
				MTL_FAST_MATH = YES;
				SDKROOT = iphoneos;
				SWIFT_COMPILATION_MODE = wholemodule;
				SWIFT_OPTIMIZATION_LEVEL = "-O";
				VALIDATE_PRODUCT = YES;
			};
			name = Release;
		};
		2CF77EFE28CC4C44005023F2 /* Debug */ = {
			isa = XCBuildConfiguration;
			baseConfigurationReference = C356B5508B2E6AD02BDB2731 /* Pods-iMusic.debug.xcconfig */;
			buildSettings = {
				ASSETCATALOG_COMPILER_APPICON_NAME = AppIcon;
				ASSETCATALOG_COMPILER_GLOBAL_ACCENT_COLOR_NAME = AccentColor;
				CODE_SIGN_STYLE = Automatic;
				CURRENT_PROJECT_VERSION = 1;
				DEVELOPMENT_TEAM = 6V74N9HQR3;
				GENERATE_INFOPLIST_FILE = YES;
				INFOPLIST_FILE = iMusic/Info.plist;
				INFOPLIST_KEY_UIApplicationSupportsIndirectInputEvents = YES;
				INFOPLIST_KEY_UILaunchStoryboardName = LaunchScreen;
				INFOPLIST_KEY_UIMainStoryboardFile = Main;
				INFOPLIST_KEY_UISupportedInterfaceOrientations_iPad = "UIInterfaceOrientationPortrait UIInterfaceOrientationPortraitUpsideDown UIInterfaceOrientationLandscapeLeft UIInterfaceOrientationLandscapeRight";
				INFOPLIST_KEY_UISupportedInterfaceOrientations_iPhone = "UIInterfaceOrientationPortrait UIInterfaceOrientationLandscapeLeft UIInterfaceOrientationLandscapeRight";
				IPHONEOS_DEPLOYMENT_TARGET = 15.5;
				LD_RUNPATH_SEARCH_PATHS = (
					"$(inherited)",
					"@executable_path/Frameworks",
				);
				MARKETING_VERSION = 1.0;
				PRODUCT_BUNDLE_IDENTIFIER = "kuznetsov-g.iMusic";
				PRODUCT_NAME = "$(TARGET_NAME)";
				SWIFT_EMIT_LOC_STRINGS = YES;
				SWIFT_VERSION = 5.0;
				TARGETED_DEVICE_FAMILY = 1;
			};
			name = Debug;
		};
		2CF77EFF28CC4C44005023F2 /* Release */ = {
			isa = XCBuildConfiguration;
			baseConfigurationReference = 1C01B2D085FF201CF1B0DD2B /* Pods-iMusic.release.xcconfig */;
			buildSettings = {
				ASSETCATALOG_COMPILER_APPICON_NAME = AppIcon;
				ASSETCATALOG_COMPILER_GLOBAL_ACCENT_COLOR_NAME = AccentColor;
				CODE_SIGN_STYLE = Automatic;
				CURRENT_PROJECT_VERSION = 1;
				DEVELOPMENT_TEAM = 6V74N9HQR3;
				GENERATE_INFOPLIST_FILE = YES;
				INFOPLIST_FILE = iMusic/Info.plist;
				INFOPLIST_KEY_UIApplicationSupportsIndirectInputEvents = YES;
				INFOPLIST_KEY_UILaunchStoryboardName = LaunchScreen;
				INFOPLIST_KEY_UIMainStoryboardFile = Main;
				INFOPLIST_KEY_UISupportedInterfaceOrientations_iPad = "UIInterfaceOrientationPortrait UIInterfaceOrientationPortraitUpsideDown UIInterfaceOrientationLandscapeLeft UIInterfaceOrientationLandscapeRight";
				INFOPLIST_KEY_UISupportedInterfaceOrientations_iPhone = "UIInterfaceOrientationPortrait UIInterfaceOrientationLandscapeLeft UIInterfaceOrientationLandscapeRight";
				IPHONEOS_DEPLOYMENT_TARGET = 15.5;
				LD_RUNPATH_SEARCH_PATHS = (
					"$(inherited)",
					"@executable_path/Frameworks",
				);
				MARKETING_VERSION = 1.0;
				PRODUCT_BUNDLE_IDENTIFIER = "kuznetsov-g.iMusic";
				PRODUCT_NAME = "$(TARGET_NAME)";
				SWIFT_EMIT_LOC_STRINGS = YES;
				SWIFT_VERSION = 5.0;
				TARGETED_DEVICE_FAMILY = 1;
			};
			name = Release;
		};
/* End XCBuildConfiguration section */

/* Begin XCConfigurationList section */
		2CF77EE428CC4C41005023F2 /* Build configuration list for PBXProject "iMusic" */ = {
			isa = XCConfigurationList;
			buildConfigurations = (
				2CF77EFB28CC4C44005023F2 /* Debug */,
				2CF77EFC28CC4C44005023F2 /* Release */,
			);
			defaultConfigurationIsVisible = 0;
			defaultConfigurationName = Release;
		};
		2CF77EFD28CC4C44005023F2 /* Build configuration list for PBXNativeTarget "iMusic" */ = {
			isa = XCConfigurationList;
			buildConfigurations = (
				2CF77EFE28CC4C44005023F2 /* Debug */,
				2CF77EFF28CC4C44005023F2 /* Release */,
			);
			defaultConfigurationIsVisible = 0;
			defaultConfigurationName = Release;
		};
/* End XCConfigurationList section */
	};
	rootObject = 2CF77EE128CC4C41005023F2 /* Project object */;
}
